
Microsoft Visual Studio Solution File, Format Version 12.00
# Visual Studio Version 17
VisualStudioVersion = 17.10.34928.147
MinimumVisualStudioVersion = 10.0.40219.1
Project("{FAE04EC0-301F-11D3-BF4B-00C04F79EFBC}") = "Core", "Core\Core.csproj", "{E7829B95-D27D-4112-A154-E7D1DE86DCF3}"
EndProject
Project("{FAE04EC0-301F-11D3-BF4B-00C04F79EFBC}") = "UI", "UI\UI.csproj", "{65D45E06-EE96-436C-8A5C-7E71D0FD62E1}"
EndProject
Global
	GlobalSection(SolutionConfigurationPlatforms) = preSolution
		Debug|Any CPU = Debug|Any CPU
		Release|Any CPU = Release|Any CPU
	EndGlobalSection
	GlobalSection(ProjectConfigurationPlatforms) = postSolution
		{E7829B95-D27D-4112-A154-E7D1DE86DCF3}.Debug|Any CPU.ActiveCfg = Debug|Any CPU
		{E7829B95-D27D-4112-A154-E7D1DE86DCF3}.Debug|Any CPU.Build.0 = Debug|Any CPU
		{E7829B95-D27D-4112-A154-E7D1DE86DCF3}.Release|Any CPU.ActiveCfg = Release|Any CPU
		{E7829B95-D27D-4112-A154-E7D1DE86DCF3}.Release|Any CPU.Build.0 = Release|Any CPU
		{65D45E06-EE96-436C-8A5C-7E71D0FD62E1}.Debug|Any CPU.ActiveCfg = Debug|Any CPU
		{65D45E06-EE96-436C-8A5C-7E71D0FD62E1}.Debug|Any CPU.Build.0 = Debug|Any CPU
		{65D45E06-EE96-436C-8A5C-7E71D0FD62E1}.Release|Any CPU.ActiveCfg = Release|Any CPU
		{65D45E06-EE96-436C-8A5C-7E71D0FD62E1}.Release|Any CPU.Build.0 = Release|Any CPU
	EndGlobalSection
	GlobalSection(SolutionProperties) = preSolution
		HideSolutionNode = FALSE
	EndGlobalSection
	GlobalSection(ExtensibilityGlobals) = postSolution
		SolutionGuid = {7DFD1750-DD38-4905-8C5D-65B3E813B1C9}
	EndGlobalSection
EndGlobal
